PODS:
  - Alamofire (5.5.0)
  - AlamofireImage (4.2.0):
    - Alamofire (~> 5.4)
  - SideMenu (5.0.3)

DEPENDENCIES:
  - Alamofire (~> 5)
  - AlamofireImage (~> 4.1)
  - SideMenu (~> 5.0)

SPEC REPOS:
  trunk:
    - Alamofire
    - AlamofireImage
    - SideMenu

SPEC CHECKSUMS:
  Alamofire: 1c4fb5369c3fe93d2857c780d8bbe09f06f97e7c
  AlamofireImage: 34a2d90b0e5fe6a5605f85ae4b7b01e784c60192
  SideMenu: 1dcaabce84538c53325c287f7fe62999379a641c

PODFILE CHECKSUM: fc83b7a7ae60225fa7c569de6bb0815064add718

COCOAPODS: 1.11.2
